
Microsoft Visual Studio Solution File, Format Version 12.00
# Visual Studio 15
VisualStudioVersion = 15.0.27130.2027
MinimumVisualStudioVersion = 10.0.40219.1
Project("{FAE04EC0-301F-11D3-BF4B-00C04F79EFBC}") = "Freddy Access Control System", "Freddy Access Control System\Freddy Access Control System.csproj", "{7E7508D8-F633-45F1-B611-90D39CEDCB56}"
EndProject
Project("{2150E333-8FDC-42A3-9474-1A3956D46DE8}") = "100_DataAccess", "100_DataAccess", "{78B2A4A4-2B77-4BCD-93ED-DA6DCBC47535}"
EndProject
Project("{2150E333-8FDC-42A3-9474-1A3956D46DE8}") = "200_BusinessLogic", "200_BusinessLogic", "{BEC5E748-053F-42C2-AD49-B6FE2BAAA069}"
EndProject
Project("{2150E333-8FDC-42A3-9474-1A3956D46DE8}") = "300_Views", "300_Views", "{7ABB2E49-AAF9-4E9A-8A82-EFEF011973B7}"
EndProject
Project("{2150E333-8FDC-42A3-9474-1A3956D46DE8}") = "400_API", "400_API", "{03ADE66A-2BC7-4C8B-9113-E039CF4DBD31}"
EndProject
Project("{FAE04EC0-301F-11D3-BF4B-00C04F79EFBC}") = "FreddyAPI", "400_API\FreddyAPI\FreddyAPI.csproj", "{1FE5DCB5-A405-4713-B892-48D6AE4A2179}"
EndProject
Project("{FAE04EC0-301F-11D3-BF4B-00C04F79EFBC}") = "DataAccess", "100_DataAccess\DataAccess\DataAccess.csproj", "{09D27B9B-087D-47E2-A2A4-11556F74A14F}"
EndProject
Project("{2150E333-8FDC-42A3-9474-1A3956D46DE8}") = "210_Shared", "210_Shared", "{2D70FA07-DF98-48CE-94F3-01159433E27F}"
EndProject
Project("{2150E333-8FDC-42A3-9474-1A3956D46DE8}") = "220_API", "220_API", "{28F5107F-2B67-4453-ACFE-C23BAF088F8F}"
EndProject
Project("{2150E333-8FDC-42A3-9474-1A3956D46DE8}") = "230_Client", "230_Client", "{FCDA8C84-77A1-46AB-A1F5-EAEE02C629B9}"
EndProject
Project("{FAE04EC0-301F-11D3-BF4B-00C04F79EFBC}") = "FreddyShared", "200_BusinessLogic\210_Shared\FreddyShared\FreddyShared.csproj", "{6102DBA6-F563-4D3D-8879-D238870020D9}"
EndProject
Project("{FAE04EC0-301F-11D3-BF4B-00C04F79EFBC}") = "FreddyDTOs", "200_BusinessLogic\210_Shared\FreddyDTOs\FreddyDTOs.csproj", "{7534A2C6-F245-41C5-B1CA-E3F116E87F56}"
EndProject
Project("{FAE04EC0-301F-11D3-BF4B-00C04F79EFBC}") = "Models", "100_DataAccess\Models\Models.csproj", "{8F172538-36C1-4EB1-872F-7D0AF1A1F373}"
EndProject
Project("{FAE04EC0-301F-11D3-BF4B-00C04F79EFBC}") = "Freddy_API_Controllers", "200_BusinessLogic\220_API\Freddy_API_Controllers\Freddy_API_Controllers.csproj", "{75D86A43-CFC7-45A8-ABE1-F35791CEB5CE}"
EndProject
Project("{FAE04EC0-301F-11D3-BF4B-00C04F79EFBC}") = "Freddy_Client_Controllers", "200_BusinessLogic\230_Client\Freddy_Client_Controllers\Freddy_Client_Controllers.csproj", "{45C33CE0-6DC4-4463-BF99-CAB2E610B835}"
EndProject
Global
	GlobalSection(SolutionConfigurationPlatforms) = preSolution
		Debug|Any CPU = Debug|Any CPU
		Release|Any CPU = Release|Any CPU
	EndGlobalSection
	GlobalSection(ProjectConfigurationPlatforms) = postSolution
		{7E7508D8-F633-45F1-B611-90D39CEDCB56}.Debug|Any CPU.ActiveCfg = Debug|Any CPU
		{7E7508D8-F633-45F1-B611-90D39CEDCB56}.Debug|Any CPU.Build.0 = Debug|Any CPU
		{7E7508D8-F633-45F1-B611-90D39CEDCB56}.Release|Any CPU.ActiveCfg = Release|Any CPU
		{7E7508D8-F633-45F1-B611-90D39CEDCB56}.Release|Any CPU.Build.0 = Release|Any CPU
		{1FE5DCB5-A405-4713-B892-48D6AE4A2179}.Debug|Any CPU.ActiveCfg = Debug|Any CPU
		{1FE5DCB5-A405-4713-B892-48D6AE4A2179}.Debug|Any CPU.Build.0 = Debug|Any CPU
		{1FE5DCB5-A405-4713-B892-48D6AE4A2179}.Release|Any CPU.ActiveCfg = Release|Any CPU
		{1FE5DCB5-A405-4713-B892-48D6AE4A2179}.Release|Any CPU.Build.0 = Release|Any CPU
		{09D27B9B-087D-47E2-A2A4-11556F74A14F}.Debug|Any CPU.ActiveCfg = Debug|Any CPU
		{09D27B9B-087D-47E2-A2A4-11556F74A14F}.Debug|Any CPU.Build.0 = Debug|Any CPU
		{09D27B9B-087D-47E2-A2A4-11556F74A14F}.Release|Any CPU.ActiveCfg = Release|Any CPU
		{09D27B9B-087D-47E2-A2A4-11556F74A14F}.Release|Any CPU.Build.0 = Release|Any CPU
		{6102DBA6-F563-4D3D-8879-D238870020D9}.Debug|Any CPU.ActiveCfg = Debug|Any CPU
		{6102DBA6-F563-4D3D-8879-D238870020D9}.Debug|Any CPU.Build.0 = Debug|Any CPU
		{6102DBA6-F563-4D3D-8879-D238870020D9}.Release|Any CPU.ActiveCfg = Release|Any CPU
		{6102DBA6-F563-4D3D-8879-D238870020D9}.Release|Any CPU.Build.0 = Release|Any CPU
		{7534A2C6-F245-41C5-B1CA-E3F116E87F56}.Debug|Any CPU.ActiveCfg = Debug|Any CPU
		{7534A2C6-F245-41C5-B1CA-E3F116E87F56}.Debug|Any CPU.Build.0 = Debug|Any CPU
		{7534A2C6-F245-41C5-B1CA-E3F116E87F56}.Release|Any CPU.ActiveCfg = Release|Any CPU
		{7534A2C6-F245-41C5-B1CA-E3F116E87F56}.Release|Any CPU.Build.0 = Release|Any CPU
		{8F172538-36C1-4EB1-872F-7D0AF1A1F373}.Debug|Any CPU.ActiveCfg = Debug|Any CPU
		{8F172538-36C1-4EB1-872F-7D0AF1A1F373}.Debug|Any CPU.Build.0 = Debug|Any CPU
		{8F172538-36C1-4EB1-872F-7D0AF1A1F373}.Release|Any CPU.ActiveCfg = Release|Any CPU
		{8F172538-36C1-4EB1-872F-7D0AF1A1F373}.Release|Any CPU.Build.0 = Release|Any CPU
		{75D86A43-CFC7-45A8-ABE1-F35791CEB5CE}.Debug|Any CPU.ActiveCfg = Debug|Any CPU
		{75D86A43-CFC7-45A8-ABE1-F35791CEB5CE}.Debug|Any CPU.Build.0 = Debug|Any CPU
		{75D86A43-CFC7-45A8-ABE1-F35791CEB5CE}.Release|Any CPU.ActiveCfg = Release|Any CPU
		{75D86A43-CFC7-45A8-ABE1-F35791CEB5CE}.Release|Any CPU.Build.0 = Release|Any CPU
		{45C33CE0-6DC4-4463-BF99-CAB2E610B835}.Debug|Any CPU.ActiveCfg = Debug|Any CPU
		{45C33CE0-6DC4-4463-BF99-CAB2E610B835}.Debug|Any CPU.Build.0 = Debug|Any CPU
		{45C33CE0-6DC4-4463-BF99-CAB2E610B835}.Release|Any CPU.ActiveCfg = Release|Any CPU
		{45C33CE0-6DC4-4463-BF99-CAB2E610B835}.Release|Any CPU.Build.0 = Release|Any CPU
	EndGlobalSection
	GlobalSection(SolutionProperties) = preSolution
		HideSolutionNode = FALSE
	EndGlobalSection
	GlobalSection(NestedProjects) = preSolution
		{7E7508D8-F633-45F1-B611-90D39CEDCB56} = {7ABB2E49-AAF9-4E9A-8A82-EFEF011973B7}
		{1FE5DCB5-A405-4713-B892-48D6AE4A2179} = {03ADE66A-2BC7-4C8B-9113-E039CF4DBD31}
		{09D27B9B-087D-47E2-A2A4-11556F74A14F} = {78B2A4A4-2B77-4BCD-93ED-DA6DCBC47535}
		{2D70FA07-DF98-48CE-94F3-01159433E27F} = {BEC5E748-053F-42C2-AD49-B6FE2BAAA069}
		{28F5107F-2B67-4453-ACFE-C23BAF088F8F} = {BEC5E748-053F-42C2-AD49-B6FE2BAAA069}
		{FCDA8C84-77A1-46AB-A1F5-EAEE02C629B9} = {BEC5E748-053F-42C2-AD49-B6FE2BAAA069}
		{6102DBA6-F563-4D3D-8879-D238870020D9} = {2D70FA07-DF98-48CE-94F3-01159433E27F}
		{7534A2C6-F245-41C5-B1CA-E3F116E87F56} = {2D70FA07-DF98-48CE-94F3-01159433E27F}
		{8F172538-36C1-4EB1-872F-7D0AF1A1F373} = {78B2A4A4-2B77-4BCD-93ED-DA6DCBC47535}
		{75D86A43-CFC7-45A8-ABE1-F35791CEB5CE} = {28F5107F-2B67-4453-ACFE-C23BAF088F8F}
		{45C33CE0-6DC4-4463-BF99-CAB2E610B835} = {FCDA8C84-77A1-46AB-A1F5-EAEE02C629B9}
	EndGlobalSection
	GlobalSection(ExtensibilityGlobals) = postSolution
		SolutionGuid = {70EB79A9-98C1-4A91-A2BF-DAF246EDA1CE}
	EndGlobalSection
EndGlobal
